lockVersion: 2.0.0
id: b027cebf-3475-4e9b-8070-6f08b389f6ed
management:
  docChecksum: abf23eff5ce129c759516146ef3e7ac8
  docVersion: 1.0.1
  speakeasyVersion: 1.299.5
  generationVersion: 2.338.10
  releaseVersion: 0.11.0
  configChecksum: 9c5d7b9adaf773961725ef675421267c
  repoURL: https://github.com/honeyhiveai/python-sdk.git
  repoSubDirectory: .
  installationURL: https://github.com/honeyhiveai/python-sdk.git
  published: true
features:
  python:
    additionalDependencies: 0.1.0
    additionalProperties: 0.1.0
    core: 4.6.8
    flattening: 2.81.1
    globalSecurity: 2.83.5
    globalSecurityCallbacks: 0.1.0
    globalSecurityFlattening: 0.1.0
    globalServerURLs: 2.82.2
    nullables: 0.1.0
    responseFormat: 0.1.0
    sdkHooks: 0.1.0
generatedFiles:
  - src/honeyhive/sdkconfiguration.py
  - src/honeyhive/session.py
  - src/honeyhive/events.py
  - src/honeyhive/metrics.py
  - src/honeyhive/tools.py
  - src/honeyhive/datapoints.py
  - src/honeyhive/datasets.py
  - src/honeyhive/projects.py
  - src/honeyhive/runs.py
  - src/honeyhive/configurations.py
  - src/honeyhive/sdk.py
  - py.typed
  - pylintrc
  - src/honeyhive/__init__.py
  - src/honeyhive/utils/__init__.py
  - src/honeyhive/utils/retries.py
  - src/honeyhive/utils/utils.py
  - src/honeyhive/models/errors/sdkerror.py
  - src/honeyhive/models/operations/startsession.py
  - src/honeyhive/models/operations/getsession.py
  - src/honeyhive/models/operations/createevent.py
  - src/honeyhive/models/operations/updateevent.py
  - src/honeyhive/models/operations/getevents.py
  - src/honeyhive/models/operations/createmodelevent.py
  - src/honeyhive/models/operations/createeventbatch.py
  - src/honeyhive/models/operations/createmodeleventbatch.py
  - src/honeyhive/models/operations/getmetrics.py
  - src/honeyhive/models/operations/createmetric.py
  - src/honeyhive/models/operations/updatemetric.py
  - src/honeyhive/models/operations/deletemetric.py
  - src/honeyhive/models/operations/gettools.py
  - src/honeyhive/models/operations/createtool.py
  - src/honeyhive/models/operations/updatetool.py
  - src/honeyhive/models/operations/deletetool.py
  - src/honeyhive/models/operations/getdatapoints.py
  - src/honeyhive/models/operations/createdatapoint.py
  - src/honeyhive/models/operations/getdatapoint.py
  - src/honeyhive/models/operations/updatedatapoint.py
  - src/honeyhive/models/operations/deletedatapoint.py
  - src/honeyhive/models/operations/getdatasets.py
  - src/honeyhive/models/operations/createdataset.py
  - src/honeyhive/models/operations/updatedataset.py
  - src/honeyhive/models/operations/deletedataset.py
  - src/honeyhive/models/operations/adddatapoints.py
  - src/honeyhive/models/operations/getprojects.py
  - src/honeyhive/models/operations/createproject.py
  - src/honeyhive/models/operations/updateproject.py
  - src/honeyhive/models/operations/deleteproject.py
  - src/honeyhive/models/operations/createrun.py
  - src/honeyhive/models/operations/getruns.py
  - src/honeyhive/models/operations/getrun.py
  - src/honeyhive/models/operations/updaterun.py
  - src/honeyhive/models/operations/deleterun.py
  - src/honeyhive/models/operations/getconfigurations.py
  - src/honeyhive/models/operations/createconfiguration.py
  - src/honeyhive/models/operations/updateconfiguration.py
  - src/honeyhive/models/operations/deleteconfiguration.py
  - src/honeyhive/models/components/sessionstartrequest.py
  - src/honeyhive/models/components/event.py
  - src/honeyhive/models/components/createeventrequest.py
  - src/honeyhive/models/components/eventfilter.py
  - src/honeyhive/models/components/createmodelevent.py
  - src/honeyhive/models/components/metric.py
  - src/honeyhive/models/components/metricedit.py
  - src/honeyhive/models/components/tool.py
  - src/honeyhive/models/components/createtoolrequest.py
  - src/honeyhive/models/components/updatetoolrequest.py
  - src/honeyhive/models/components/datapoint.py
  - src/honeyhive/models/components/createdatapointrequest.py
  - src/honeyhive/models/components/updatedatapointrequest.py
  - src/honeyhive/models/components/dataset.py
  - src/honeyhive/models/components/createdatasetrequest.py
  - src/honeyhive/models/components/datasetupdate.py
  - src/honeyhive/models/components/project.py
  - src/honeyhive/models/components/createprojectrequest.py
  - src/honeyhive/models/components/updateprojectrequest.py
  - src/honeyhive/models/components/createrunresponse.py
  - src/honeyhive/models/components/evaluationrun.py
  - src/honeyhive/models/components/createrunrequest.py
  - src/honeyhive/models/components/getrunsresponse.py
  - src/honeyhive/models/components/getrunresponse.py
  - src/honeyhive/models/components/updaterunresponse.py
  - src/honeyhive/models/components/updaterunrequest.py
  - src/honeyhive/models/components/deleterunresponse.py
  - src/honeyhive/models/components/configuration.py
  - src/honeyhive/models/components/postconfigurationrequest.py
  - src/honeyhive/models/components/putconfigurationrequest.py
  - src/honeyhive/models/components/security.py
  - src/honeyhive/models/errors/createeventbatch.py
  - src/honeyhive/models/errors/createmodeleventbatch.py
  - src/honeyhive/models/__init__.py
  - src/honeyhive/models/errors/__init__.py
  - src/honeyhive/models/operations/__init__.py
  - src/honeyhive/models/components/__init__.py
  - docs/models/operations/startsessionrequestbody.md
  - docs/models/operations/startsessionresponsebody.md
  - docs/models/operations/startsessionresponse.md
  - docs/models/operations/getsessionrequest.md
  - docs/models/operations/getsessionresponse.md
  - docs/models/operations/createeventrequestbody.md
  - docs/models/operations/createeventresponsebody.md
  - docs/models/operations/createeventresponse.md
  - docs/models/operations/updateeventrequestbody.md
  - docs/models/operations/updateeventresponse.md
  - docs/models/operations/daterange.md
  - docs/models/operations/geteventsrequestbody.md
  - docs/models/operations/geteventsresponsebody.md
  - docs/models/operations/geteventsresponse.md
  - docs/models/operations/createmodeleventrequestbody.md
  - docs/models/operations/createmodeleventresponsebody.md
  - docs/models/operations/createmodeleventresponse.md
  - docs/models/operations/createeventbatchrequestbody.md
  - docs/models/operations/createeventbatchresponsebody.md
  - docs/models/operations/createeventbatchresponse.md
  - docs/models/operations/createmodeleventbatchrequestbody.md
  - docs/models/operations/createmodeleventbatchresponsebody.md
  - docs/models/operations/createmodeleventbatchresponse.md
  - docs/models/operations/getmetricsrequest.md
  - docs/models/operations/getmetricsresponse.md
  - docs/models/operations/createmetricresponse.md
  - docs/models/operations/updatemetricresponse.md
  - docs/models/operations/deletemetricrequest.md
  - docs/models/operations/deletemetricresponse.md
  - docs/models/operations/gettoolsresponse.md
  - docs/models/operations/result.md
  - docs/models/operations/createtoolresponsebody.md
  - docs/models/operations/createtoolresponse.md
  - docs/models/operations/updatetoolresponse.md
  - docs/models/operations/deletetoolrequest.md
  - docs/models/operations/deletetoolresponse.md
  - docs/models/operations/getdatapointsrequest.md
  - docs/models/operations/getdatapointsresponsebody.md
  - docs/models/operations/getdatapointsresponse.md
  - docs/models/operations/createdatapointresult.md
  - docs/models/operations/createdatapointresponsebody.md
  - docs/models/operations/createdatapointresponse.md
  - docs/models/operations/getdatapointrequest.md
  - docs/models/operations/getdatapointresponsebody.md
  - docs/models/operations/getdatapointresponse.md
  - docs/models/operations/updatedatapointrequest.md
  - docs/models/operations/updatedatapointresponse.md
  - docs/models/operations/deletedatapointrequest.md
  - docs/models/operations/deletedatapointresponsebody.md
  - docs/models/operations/deletedatapointresponse.md
  - docs/models/operations/type.md
  - docs/models/operations/getdatasetsrequest.md
  - docs/models/operations/getdatasetsresponsebody.md
  - docs/models/operations/getdatasetsresponse.md
  - docs/models/operations/createdatasetresult.md
  - docs/models/operations/createdatasetresponsebody.md
  - docs/models/operations/createdatasetresponse.md
  - docs/models/operations/updatedatasetresponse.md
  - docs/models/operations/deletedatasetrequest.md
  - docs/models/operations/deletedatasetresponse.md
  - docs/models/operations/mapping.md
  - docs/models/operations/adddatapointsrequestbody.md
  - docs/models/operations/adddatapointsrequest.md
  - docs/models/operations/adddatapointsresponsebody.md
  - docs/models/operations/adddatapointsresponse.md
  - docs/models/operations/getprojectsrequest.md
  - docs/models/operations/getprojectsresponse.md
  - docs/models/operations/createprojectresponse.md
  - docs/models/operations/updateprojectresponse.md
  - docs/models/operations/deleteprojectrequest.md
  - docs/models/operations/deleteprojectresponse.md
  - docs/models/operations/createrunresponse.md
  - docs/models/operations/getrunsrequest.md
  - docs/models/operations/getrunsresponse.md
  - docs/models/operations/getrunrequest.md
  - docs/models/operations/getrunresponse.md
  - docs/models/operations/updaterunrequest.md
  - docs/models/operations/updaterunresponse.md
  - docs/models/operations/deleterunrequest.md
  - docs/models/operations/deleterunresponse.md
  - docs/models/operations/env.md
  - docs/models/operations/getconfigurationsrequest.md
  - docs/models/operations/getconfigurationsresponse.md
  - docs/models/operations/createconfigurationresponse.md
  - docs/models/operations/updateconfigurationrequest.md
  - docs/models/operations/updateconfigurationresponse.md
  - docs/models/operations/deleteconfigurationrequest.md
  - docs/models/operations/deleteconfigurationresponse.md
  - docs/models/components/sessionstartrequest.md
  - docs/models/components/eventtype.md
  - docs/models/components/inputs.md
  - docs/models/components/event.md
  - docs/models/components/createeventrequesteventtype.md
  - docs/models/components/createeventrequestinputs.md
  - docs/models/components/createeventrequest.md
  - docs/models/components/operator.md
  - docs/models/components/type.md
  - docs/models/components/eventfilter.md
  - docs/models/components/createmodelevent.md
  - docs/models/components/metrictype.md
  - docs/models/components/returntype.md
  - docs/models/components/threshold.md
  - docs/models/components/metric.md
  - docs/models/components/metricedittype.md
  - docs/models/components/metriceditreturntype.md
  - docs/models/components/metriceditthreshold.md
  - docs/models/components/metricediteventtype.md
  - docs/models/components/metricedit.md
  - docs/models/components/tooltype.md
  - docs/models/components/tool.md
  - docs/models/components/createtoolrequesttype.md
  - docs/models/components/createtoolrequest.md
  - docs/models/components/updatetoolrequest.md
  - docs/models/components/datapointinputs.md
  - docs/models/components/history.md
  - docs/models/components/datapoint.md
  - docs/models/components/createdatapointrequest.md
  - docs/models/components/updatedatapointrequesthistory.md
  - docs/models/components/updatedatapointrequest.md
  - docs/models/components/datasettype.md
  - docs/models/components/pipelinetype.md
  - docs/models/components/dataset.md
  - docs/models/components/createdatasetrequesttype.md
  - docs/models/components/createdatasetrequestpipelinetype.md
  - docs/models/components/createdatasetrequest.md
  - docs/models/components/datasetupdate.md
  - docs/models/components/project.md
  - docs/models/components/createprojectrequest.md
  - docs/models/components/updateprojectrequest.md
  - docs/models/components/createrunresponse.md
  - docs/models/components/results.md
  - docs/models/components/evaluationrunstatus.md
  - docs/models/components/evaluationrun.md
  - docs/models/components/status.md
  - docs/models/components/createrunrequest.md
  - docs/models/components/getrunsresponse.md
  - docs/models/components/getrunresponse.md
  - docs/models/components/updaterunresponse.md
  - docs/models/components/updaterunrequeststatus.md
  - docs/models/components/updaterunrequest.md
  - docs/models/components/deleterunresponse.md
  - docs/models/components/env.md
  - docs/models/components/calltype.md
  - docs/models/components/responseformat.md
  - docs/models/components/selectedfunctions.md
  - docs/models/components/functioncallparams.md
  - docs/models/components/parameters.md
  - docs/models/components/configurationtype.md
  - docs/models/components/configuration.md
  - docs/models/components/postconfigurationrequestcalltype.md
  - docs/models/components/postconfigurationrequestresponseformat.md
  - docs/models/components/postconfigurationrequestselectedfunctions.md
  - docs/models/components/postconfigurationrequestfunctioncallparams.md
  - docs/models/components/postconfigurationrequestparameters.md
  - docs/models/components/postconfigurationrequestenv.md
  - docs/models/components/postconfigurationrequest.md
  - docs/models/components/putconfigurationrequestcalltype.md
  - docs/models/components/putconfigurationrequestresponseformat.md
  - docs/models/components/putconfigurationrequestselectedfunctions.md
  - docs/models/components/putconfigurationrequestfunctioncallparams.md
  - docs/models/components/putconfigurationrequestparameters.md
  - docs/models/components/putconfigurationrequestenv.md
  - docs/models/components/putconfigurationrequesttype.md
  - docs/models/components/putconfigurationrequest.md
  - docs/models/components/security.md
  - docs/models/errors/createeventbatchresponsebody.md
  - docs/models/errors/createmodeleventbatchresponsebody.md
  - docs/sdks/honeyhive/README.md
  - docs/sdks/session/README.md
  - docs/sdks/events/README.md
  - docs/sdks/metrics/README.md
  - docs/sdks/tools/README.md
  - docs/sdks/datapoints/README.md
  - docs/sdks/datasets/README.md
  - docs/sdks/projects/README.md
  - docs/sdks/runs/README.md
  - docs/sdks/configurations/README.md
  - USAGE.md
  - .gitattributes
  - src/honeyhive/_hooks/sdkhooks.py
  - src/honeyhive/_hooks/types.py
  - src/honeyhive/_hooks/__init__.py
