lockVersion: 2.0.0
id: b027cebf-3475-4e9b-8070-6f08b389f6ed
management:
  docChecksum: 30c75a8dde1c69bbd416b9a797f323b4
  docVersion: 1.0.1
  speakeasyVersion: internal
  generationVersion: 2.275.4
  releaseVersion: 0.2.0
  configChecksum: 4d5a2d17345a6e368b516302a52bb674
  repoURL: https://github.com/honeyhiveai/python-sdk.git
  repoSubDirectory: .
  installationURL: https://github.com/honeyhiveai/python-sdk.git
features:
  python:
    core: 4.5.0
    flattening: 2.81.1
    globalSecurity: 2.83.4
    globalServerURLs: 2.82.1
generatedFiles:
  - src/honeyhive/sdkconfiguration.py
  - src/honeyhive/configurations.py
  - src/honeyhive/datapoint.py
  - src/honeyhive/datasets.py
  - src/honeyhive/events.py
  - src/honeyhive/metrics.py
  - src/honeyhive/prompts.py
  - src/honeyhive/session.py
  - src/honeyhive/tasks.py
  - src/honeyhive/testcases.py
  - src/honeyhive/tools.py
  - src/honeyhive/sdk.py
  - pylintrc
  - src/honeyhive/__init__.py
  - src/honeyhive/utils/__init__.py
  - src/honeyhive/utils/retries.py
  - src/honeyhive/utils/utils.py
  - src/honeyhive/models/errors/sdkerror.py
  - tests/helpers.py
  - src/honeyhive/models/operations/getconfigurations.py
  - src/honeyhive/models/operations/createconfiguration.py
  - src/honeyhive/models/operations/deleteconfiguration.py
  - src/honeyhive/models/operations/updateconfiguration.py
  - src/honeyhive/models/operations/getdatapoints.py
  - src/honeyhive/models/operations/updatedatapoint.py
  - src/honeyhive/models/operations/createdatapoint.py
  - src/honeyhive/models/operations/deletedatapoint.py
  - src/honeyhive/models/operations/getdatapoint.py
  - src/honeyhive/models/operations/getdatasets.py
  - src/honeyhive/models/operations/createdataset.py
  - src/honeyhive/models/operations/deletedataset.py
  - src/honeyhive/models/operations/updatedataset.py
  - src/honeyhive/models/operations/get_events.py
  - src/honeyhive/models/operations/post_events.py
  - src/honeyhive/models/operations/put_events.py
  - src/honeyhive/models/operations/get_events_chart.py
  - src/honeyhive/models/operations/delete_events_event_id_.py
  - src/honeyhive/models/operations/delete_metrics.py
  - src/honeyhive/models/operations/get_metrics.py
  - src/honeyhive/models/operations/post_metrics.py
  - src/honeyhive/models/operations/put_metrics.py
  - src/honeyhive/models/operations/post_metrics_compute.py
  - src/honeyhive/models/operations/get_prompts.py
  - src/honeyhive/models/operations/post_prompts.py
  - src/honeyhive/models/operations/delete_prompts_id_.py
  - src/honeyhive/models/operations/put_prompts_id_.py
  - src/honeyhive/models/operations/startsession.py
  - src/honeyhive/models/operations/deletesession.py
  - src/honeyhive/models/operations/getsession.py
  - src/honeyhive/models/operations/processeventtrace.py
  - src/honeyhive/models/operations/deletetask.py
  - src/honeyhive/models/operations/gettasks.py
  - src/honeyhive/models/operations/createtask.py
  - src/honeyhive/models/operations/updatetask.py
  - src/honeyhive/models/operations/get_testcases.py
  - src/honeyhive/models/operations/post_testcases.py
  - src/honeyhive/models/operations/put_testcases.py
  - src/honeyhive/models/operations/deletetool.py
  - src/honeyhive/models/operations/gettools.py
  - src/honeyhive/models/operations/createtool.py
  - src/honeyhive/models/operations/updatetool.py
  - src/honeyhive/models/components/configuration.py
  - src/honeyhive/models/components/datapoint.py
  - src/honeyhive/models/components/updatedatapointrequest.py
  - src/honeyhive/models/components/createdatapointrequest.py
  - src/honeyhive/models/components/dataset.py
  - src/honeyhive/models/components/event.py
  - src/honeyhive/models/components/metric.py
  - src/honeyhive/models/components/metricedit.py
  - src/honeyhive/models/components/prompt.py
  - src/honeyhive/models/components/task.py
  - src/honeyhive/models/components/testcase.py
  - src/honeyhive/models/components/testcaseupdate.py
  - src/honeyhive/models/components/tool.py
  - src/honeyhive/models/components/toolupdate.py
  - src/honeyhive/models/components/security.py
  - src/honeyhive/models/__init__.py
  - src/honeyhive/models/errors/__init__.py
  - src/honeyhive/models/operations/__init__.py
  - src/honeyhive/models/components/__init__.py
  - docs/models/operations/getconfigurationsrequest.md
  - docs/models/operations/getconfigurationsresponse.md
  - docs/models/operations/createconfigurationresponse.md
  - docs/models/operations/deleteconfigurationrequest.md
  - docs/models/operations/deleteconfigurationresponse.md
  - docs/models/operations/updateconfigurationrequest.md
  - docs/models/operations/updateconfigurationresponse.md
  - docs/models/operations/getdatapointsrequest.md
  - docs/models/operations/getdatapointsresponsebody.md
  - docs/models/operations/getdatapointsresponse.md
  - docs/models/operations/updatedatapointresponse.md
  - docs/models/operations/result.md
  - docs/models/operations/createdatapointresponsebody.md
  - docs/models/operations/createdatapointresponse.md
  - docs/models/operations/deletedatapointrequest.md
  - docs/models/operations/deletedatapointresponse.md
  - docs/models/operations/getdatapointrequest.md
  - docs/models/operations/getdatapointresponse.md
  - docs/models/operations/getdatasetsrequest.md
  - docs/models/operations/getdatasetsresponse.md
  - docs/models/operations/createdatasetresponse.md
  - docs/models/operations/deletedatasetrequest.md
  - docs/models/operations/deletedatasetresponsebody.md
  - docs/models/operations/deletedatasetresponse.md
  - docs/models/operations/updatedatasetrequest.md
  - docs/models/operations/updatedatasetresponse.md
  - docs/models/operations/geteventsrequest.md
  - docs/models/operations/geteventsresponse.md
  - docs/models/operations/posteventsrequestbody.md
  - docs/models/operations/posteventsresponsebody.md
  - docs/models/operations/posteventsresponse.md
  - docs/models/operations/feedback.md
  - docs/models/operations/metadata.md
  - docs/models/operations/metrics.md
  - docs/models/operations/outputs.md
  - docs/models/operations/puteventsrequestbody.md
  - docs/models/operations/puteventsresponse.md
  - docs/models/operations/geteventschartrequest.md
  - docs/models/operations/geteventschartresponse.md
  - docs/models/operations/deleteeventseventidrequest.md
  - docs/models/operations/deleteeventseventidresponse.md
  - docs/models/operations/deletemetricsrequest.md
  - docs/models/operations/deletemetricsresponse.md
  - docs/models/operations/getmetricsresponse.md
  - docs/models/operations/postmetricsresponse.md
  - docs/models/operations/putmetricsresponse.md
  - docs/models/operations/postmetricscomputeresponse.md
  - docs/models/operations/getpromptsrequest.md
  - docs/models/operations/getpromptsresponse.md
  - docs/models/operations/postpromptsresponse.md
  - docs/models/operations/deletepromptsidrequest.md
  - docs/models/operations/deletepromptsidresponse.md
  - docs/models/operations/putpromptsidrequest.md
  - docs/models/operations/putpromptsidresponse.md
  - docs/models/operations/startsessionrequestbody.md
  - docs/models/operations/startsessionresponsebody.md
  - docs/models/operations/startsessionresponse.md
  - docs/models/operations/deletesessionrequest.md
  - docs/models/operations/deletesessionresponse.md
  - docs/models/operations/getsessionrequest.md
  - docs/models/operations/getsessionresponse.md
  - docs/models/operations/processeventtracerequestbody.md
  - docs/models/operations/processeventtracerequest.md
  - docs/models/operations/processeventtraceresponsebody.md
  - docs/models/operations/processeventtraceresponse.md
  - docs/models/operations/deletetaskrequest.md
  - docs/models/operations/deletetaskresponse.md
  - docs/models/operations/gettasksrequest.md
  - docs/models/operations/gettasksresponse.md
  - docs/models/operations/createtaskresponse.md
  - docs/models/operations/updatetaskrequestbody.md
  - docs/models/operations/updatetaskresponse.md
  - docs/models/operations/gettestcasesrequest.md
  - docs/models/operations/gettestcasesresponsebody.md
  - docs/models/operations/gettestcasesresponse.md
  - docs/models/operations/posttestcasesresult.md
  - docs/models/operations/posttestcasesresponsebody.md
  - docs/models/operations/posttestcasesresponse.md
  - docs/models/operations/puttestcasesrequest.md
  - docs/models/operations/puttestcasesresponse.md
  - docs/models/operations/deletetoolrequest.md
  - docs/models/operations/deletetoolresponse.md
  - docs/models/operations/gettoolsresponse.md
  - docs/models/operations/createtoolresponse.md
  - docs/models/operations/updatetoolresponse.md
  - docs/models/components/parameters.md
  - docs/models/components/userproperties.md
  - docs/models/components/configuration.md
  - docs/models/components/inputs.md
  - docs/models/components/history.md
  - docs/models/components/metadata.md
  - docs/models/components/datapoint.md
  - docs/models/components/updatedatapointrequestinputs.md
  - docs/models/components/updatedatapointrequesthistory.md
  - docs/models/components/updatedatapointrequestmetadata.md
  - docs/models/components/updatedatapointrequest.md
  - docs/models/components/createdatapointrequestinputs.md
  - docs/models/components/createdatapointrequesthistory.md
  - docs/models/components/createdatapointrequestmetadata.md
  - docs/models/components/createdatapointrequest.md
  - docs/models/components/file.md
  - docs/models/components/dataset.md
  - docs/models/components/config.md
  - docs/models/components/feedback.md
  - docs/models/components/eventinputs.md
  - docs/models/components/eventmetadata.md
  - docs/models/components/metrics.md
  - docs/models/components/outputs.md
  - docs/models/components/eventuserproperties.md
  - docs/models/components/event.md
  - docs/models/components/threshold.md
  - docs/models/components/metric.md
  - docs/models/components/metricedit.md
  - docs/models/components/hyperparameters.md
  - docs/models/components/prompt.md
  - docs/models/components/task.md
  - docs/models/components/testcase.md
  - docs/models/components/testcaseupdate.md
  - docs/models/components/toolparameters.md
  - docs/models/components/tool.md
  - docs/models/components/toolupdateparameters.md
  - docs/models/components/toolupdate.md
  - docs/models/components/security.md
  - docs/sdks/honeyhive/README.md
  - docs/sdks/configurations/README.md
  - docs/sdks/datapoint/README.md
  - docs/sdks/datasets/README.md
  - docs/sdks/events/README.md
  - docs/sdks/metrics/README.md
  - docs/sdks/prompts/README.md
  - docs/sdks/session/README.md
  - docs/sdks/tasks/README.md
  - docs/sdks/testcases/README.md
  - docs/sdks/tools/README.md
  - USAGE.md
  - .gitattributes
  - src/honeyhive/_hooks/sdkhooks.py
  - src/honeyhive/_hooks/types.py
  - src/honeyhive/_hooks/__init__.py
