lockVersion: 2.0.0
id: b027cebf-3475-4e9b-8070-6f08b389f6ed
management:
  docChecksum: 29fc2817f8f93615a1cb49e37377f6bc
  docVersion: 1.0.4
  speakeasyVersion: 1.405.6
  generationVersion: 2.428.1
  releaseVersion: 0.15.2
  configChecksum: 4372e8e90b8cf6f873358fc248e7ab1a
  repoURL: https://github.com/honeyhiveai/python-sdk.git
  repoSubDirectory: .
  installationURL: https://github.com/honeyhiveai/python-sdk.git
  published: true
features:
  python:
    additionalDependencies: 0.1.0
    additionalProperties: 0.1.0
    core: 4.8.13
    flattening: 2.81.1
    globalSecurity: 2.83.7
    globalSecurityCallbacks: 0.1.0
    globalSecurityFlattening: 0.1.0
    globalServerURLs: 2.82.2
    nullables: 0.1.0
    responseFormat: 0.1.0
    sdkHooks: 0.1.0
    unions: 2.82.9
generatedFiles:
  - .gitattributes
  - CONTRIBUTING.md
  - USAGE.md
  - docs/models/components/calltype.md
  - docs/models/components/configuration.md
  - docs/models/components/configurationtype.md
  - docs/models/components/createdatapointrequest.md
  - docs/models/components/createdatasetrequest.md
  - docs/models/components/createdatasetrequestpipelinetype.md
  - docs/models/components/createdatasetrequesttype.md
  - docs/models/components/createeventrequest.md
  - docs/models/components/createeventrequesteventtype.md
  - docs/models/components/createmodelevent.md
  - docs/models/components/createprojectrequest.md
  - docs/models/components/createrunrequest.md
  - docs/models/components/createrunresponse.md
  - docs/models/components/createtoolrequest.md
  - docs/models/components/createtoolrequesttype.md
  - docs/models/components/datapoint.md
  - docs/models/components/datapoints.md
  - docs/models/components/dataset.md
  - docs/models/components/datasettype.md
  - docs/models/components/datasetupdate.md
  - docs/models/components/deleterunresponse.md
  - docs/models/components/details.md
  - docs/models/components/env.md
  - docs/models/components/evaluationrun.md
  - docs/models/components/evaluationrunstatus.md
  - docs/models/components/evaluators.md
  - docs/models/components/event.md
  - docs/models/components/eventdetails.md
  - docs/models/components/eventfilter.md
  - docs/models/components/eventtype.md
  - docs/models/components/experimentcomparisonresponse.md
  - docs/models/components/experimentcomparisonresponseconfiguration.md
  - docs/models/components/experimentcomparisonresponseevaluators.md
  - docs/models/components/experimentcomparisonresponsemetadata.md
  - docs/models/components/experimentcomparisonresponsemetrics.md
  - docs/models/components/experimentcomparisonresponsepassingranges.md
  - docs/models/components/experimentcomparisonresponseresults.md
  - docs/models/components/experimentcomparisonresponseschemasconfiguration.md
  - docs/models/components/experimentcomparisonresponseschemasresults.md
  - docs/models/components/experimentresultresponse.md
  - docs/models/components/experimentresultresponsedatapoints.md
  - docs/models/components/experimentresultresponsemetrics.md
  - docs/models/components/functioncallparams.md
  - docs/models/components/getrunresponse.md
  - docs/models/components/getrunsresponse.md
  - docs/models/components/metadata.md
  - docs/models/components/metric.md
  - docs/models/components/metricedit.md
  - docs/models/components/metricediteventtype.md
  - docs/models/components/metriceditreturntype.md
  - docs/models/components/metriceditthreshold.md
  - docs/models/components/metricedittype.md
  - docs/models/components/metrics.md
  - docs/models/components/metrictype.md
  - docs/models/components/newrun.md
  - docs/models/components/newvalues.md
  - docs/models/components/oldrun.md
  - docs/models/components/oldvalues.md
  - docs/models/components/operator.md
  - docs/models/components/parameters.md
  - docs/models/components/passingranges.md
  - docs/models/components/pipelinetype.md
  - docs/models/components/postconfigurationrequest.md
  - docs/models/components/postconfigurationrequestcalltype.md
  - docs/models/components/postconfigurationrequestenv.md
  - docs/models/components/postconfigurationrequestfunctioncallparams.md
  - docs/models/components/postconfigurationrequestparameters.md
  - docs/models/components/postconfigurationrequestresponseformat.md
  - docs/models/components/postconfigurationrequestselectedfunctions.md
  - docs/models/components/project.md
  - docs/models/components/putconfigurationrequest.md
  - docs/models/components/putconfigurationrequestcalltype.md
  - docs/models/components/putconfigurationrequestenv.md
  - docs/models/components/putconfigurationrequestfunctioncallparams.md
  - docs/models/components/putconfigurationrequestparameters.md
  - docs/models/components/putconfigurationrequestresponseformat.md
  - docs/models/components/putconfigurationrequestselectedfunctions.md
  - docs/models/components/putconfigurationrequesttype.md
  - docs/models/components/responseformat.md
  - docs/models/components/results.md
  - docs/models/components/returntype.md
  - docs/models/components/security.md
  - docs/models/components/selectedfunctions.md
  - docs/models/components/sessionpropertiesbatch.md
  - docs/models/components/sessionstartrequest.md
  - docs/models/components/status.md
  - docs/models/components/threshold.md
  - docs/models/components/tool.md
  - docs/models/components/tooltype.md
  - docs/models/components/type.md
  - docs/models/components/updatedatapointrequest.md
  - docs/models/components/updateprojectrequest.md
  - docs/models/components/updaterunrequest.md
  - docs/models/components/updaterunrequeststatus.md
  - docs/models/components/updaterunresponse.md
  - docs/models/components/updatetoolrequest.md
  - docs/models/components/value.md
  - docs/models/components/values.md
  - docs/models/errors/createeventbatchresponsebody.md
  - docs/models/errors/createmodeleventbatchresponsebody.md
  - docs/models/operations/adddatapointsrequest.md
  - docs/models/operations/adddatapointsrequestbody.md
  - docs/models/operations/adddatapointsresponse.md
  - docs/models/operations/adddatapointsresponsebody.md
  - docs/models/operations/aggregatefunction.md
  - docs/models/operations/createconfigurationresponse.md
  - docs/models/operations/createdatapointresponse.md
  - docs/models/operations/createdatapointresponsebody.md
  - docs/models/operations/createdatapointresult.md
  - docs/models/operations/createdatasetresponse.md
  - docs/models/operations/createdatasetresponsebody.md
  - docs/models/operations/createdatasetresult.md
  - docs/models/operations/createeventbatchrequestbody.md
  - docs/models/operations/createeventbatchresponse.md
  - docs/models/operations/createeventbatchresponsebody.md
  - docs/models/operations/createeventrequestbody.md
  - docs/models/operations/createeventresponse.md
  - docs/models/operations/createeventresponsebody.md
  - docs/models/operations/createmetricresponse.md
  - docs/models/operations/createmodeleventbatchrequestbody.md
  - docs/models/operations/createmodeleventbatchresponse.md
  - docs/models/operations/createmodeleventbatchresponsebody.md
  - docs/models/operations/createmodeleventrequestbody.md
  - docs/models/operations/createmodeleventresponse.md
  - docs/models/operations/createmodeleventresponsebody.md
  - docs/models/operations/createprojectresponse.md
  - docs/models/operations/createrunresponse.md
  - docs/models/operations/createtoolresponse.md
  - docs/models/operations/createtoolresponsebody.md
  - docs/models/operations/daterange.md
  - docs/models/operations/deleteconfigurationrequest.md
  - docs/models/operations/deleteconfigurationresponse.md
  - docs/models/operations/deletedatapointrequest.md
  - docs/models/operations/deletedatapointresponse.md
  - docs/models/operations/deletedatapointresponsebody.md
  - docs/models/operations/deletedatasetrequest.md
  - docs/models/operations/deletedatasetresponse.md
  - docs/models/operations/deletemetricrequest.md
  - docs/models/operations/deletemetricresponse.md
  - docs/models/operations/deleteprojectrequest.md
  - docs/models/operations/deleteprojectresponse.md
  - docs/models/operations/deleterunrequest.md
  - docs/models/operations/deleterunresponse.md
  - docs/models/operations/deletetoolrequest.md
  - docs/models/operations/deletetoolresponse.md
  - docs/models/operations/env.md
  - docs/models/operations/getconfigurationsrequest.md
  - docs/models/operations/getconfigurationsresponse.md
  - docs/models/operations/getdatapointrequest.md
  - docs/models/operations/getdatapointresponse.md
  - docs/models/operations/getdatapointresponsebody.md
  - docs/models/operations/getdatapointsrequest.md
  - docs/models/operations/getdatapointsresponse.md
  - docs/models/operations/getdatapointsresponsebody.md
  - docs/models/operations/getdatasetsrequest.md
  - docs/models/operations/getdatasetsresponse.md
  - docs/models/operations/getdatasetsresponsebody.md
  - docs/models/operations/geteventsrequestbody.md
  - docs/models/operations/geteventsresponse.md
  - docs/models/operations/geteventsresponsebody.md
  - docs/models/operations/getexperimentcomparisonrequest.md
  - docs/models/operations/getexperimentcomparisonresponse.md
  - docs/models/operations/getexperimentresultrequest.md
  - docs/models/operations/getexperimentresultresponse.md
  - docs/models/operations/getmetricsrequest.md
  - docs/models/operations/getmetricsresponse.md
  - docs/models/operations/getprojectsrequest.md
  - docs/models/operations/getprojectsresponse.md
  - docs/models/operations/getrunrequest.md
  - docs/models/operations/getrunresponse.md
  - docs/models/operations/getrunsrequest.md
  - docs/models/operations/getrunsresponse.md
  - docs/models/operations/getsessionrequest.md
  - docs/models/operations/getsessionresponse.md
  - docs/models/operations/gettoolsresponse.md
  - docs/models/operations/mapping.md
  - docs/models/operations/queryparamaggregatefunction.md
  - docs/models/operations/result.md
  - docs/models/operations/startsessionrequestbody.md
  - docs/models/operations/startsessionresponse.md
  - docs/models/operations/startsessionresponsebody.md
  - docs/models/operations/type.md
  - docs/models/operations/updateconfigurationrequest.md
  - docs/models/operations/updateconfigurationresponse.md
  - docs/models/operations/updatedatapointrequest.md
  - docs/models/operations/updatedatapointresponse.md
  - docs/models/operations/updatedatasetresponse.md
  - docs/models/operations/updateeventrequestbody.md
  - docs/models/operations/updateeventresponse.md
  - docs/models/operations/updatemetricresponse.md
  - docs/models/operations/updateprojectresponse.md
  - docs/models/operations/updaterunrequest.md
  - docs/models/operations/updaterunresponse.md
  - docs/models/operations/updatetoolresponse.md
  - docs/sdks/configurations/README.md
  - docs/sdks/datapoints/README.md
  - docs/sdks/datasets/README.md
  - docs/sdks/events/README.md
  - docs/sdks/experiments/README.md
  - docs/sdks/honeyhive/README.md
  - docs/sdks/metrics/README.md
  - docs/sdks/projects/README.md
  - docs/sdks/session/README.md
  - docs/sdks/tools/README.md
  - py.typed
  - pylintrc
  - scripts/publish.sh
  - src/honeyhive/__init__.py
  - src/honeyhive/_hooks/__init__.py
  - src/honeyhive/_hooks/sdkhooks.py
  - src/honeyhive/_hooks/types.py
  - src/honeyhive/configurations.py
  - src/honeyhive/datapoints.py
  - src/honeyhive/datasets.py
  - src/honeyhive/events.py
  - src/honeyhive/experiments.py
  - src/honeyhive/metrics.py
  - src/honeyhive/models/__init__.py
  - src/honeyhive/models/components/__init__.py
  - src/honeyhive/models/components/configuration.py
  - src/honeyhive/models/components/createdatapointrequest.py
  - src/honeyhive/models/components/createdatasetrequest.py
  - src/honeyhive/models/components/createeventrequest.py
  - src/honeyhive/models/components/createmodelevent.py
  - src/honeyhive/models/components/createprojectrequest.py
  - src/honeyhive/models/components/createrunrequest.py
  - src/honeyhive/models/components/createrunresponse.py
  - src/honeyhive/models/components/createtoolrequest.py
  - src/honeyhive/models/components/datapoint.py
  - src/honeyhive/models/components/dataset.py
  - src/honeyhive/models/components/datasetupdate.py
  - src/honeyhive/models/components/deleterunresponse.py
  - src/honeyhive/models/components/evaluationrun.py
  - src/honeyhive/models/components/event.py
  - src/honeyhive/models/components/eventfilter.py
  - src/honeyhive/models/components/experimentcomparisonresponse.py
  - src/honeyhive/models/components/experimentresultresponse.py
  - src/honeyhive/models/components/getrunresponse.py
  - src/honeyhive/models/components/getrunsresponse.py
  - src/honeyhive/models/components/metric.py
  - src/honeyhive/models/components/metricedit.py
  - src/honeyhive/models/components/postconfigurationrequest.py
  - src/honeyhive/models/components/project.py
  - src/honeyhive/models/components/putconfigurationrequest.py
  - src/honeyhive/models/components/security.py
  - src/honeyhive/models/components/sessionpropertiesbatch.py
  - src/honeyhive/models/components/sessionstartrequest.py
  - src/honeyhive/models/components/tool.py
  - src/honeyhive/models/components/updatedatapointrequest.py
  - src/honeyhive/models/components/updateprojectrequest.py
  - src/honeyhive/models/components/updaterunrequest.py
  - src/honeyhive/models/components/updaterunresponse.py
  - src/honeyhive/models/components/updatetoolrequest.py
  - src/honeyhive/models/errors/__init__.py
  - src/honeyhive/models/errors/createeventbatch.py
  - src/honeyhive/models/errors/createmodeleventbatch.py
  - src/honeyhive/models/errors/sdkerror.py
  - src/honeyhive/models/operations/__init__.py
  - src/honeyhive/models/operations/adddatapoints.py
  - src/honeyhive/models/operations/createconfiguration.py
  - src/honeyhive/models/operations/createdatapoint.py
  - src/honeyhive/models/operations/createdataset.py
  - src/honeyhive/models/operations/createevent.py
  - src/honeyhive/models/operations/createeventbatch.py
  - src/honeyhive/models/operations/createmetric.py
  - src/honeyhive/models/operations/createmodelevent.py
  - src/honeyhive/models/operations/createmodeleventbatch.py
  - src/honeyhive/models/operations/createproject.py
  - src/honeyhive/models/operations/createrun.py
  - src/honeyhive/models/operations/createtool.py
  - src/honeyhive/models/operations/deleteconfiguration.py
  - src/honeyhive/models/operations/deletedatapoint.py
  - src/honeyhive/models/operations/deletedataset.py
  - src/honeyhive/models/operations/deletemetric.py
  - src/honeyhive/models/operations/deleteproject.py
  - src/honeyhive/models/operations/deleterun.py
  - src/honeyhive/models/operations/deletetool.py
  - src/honeyhive/models/operations/getconfigurations.py
  - src/honeyhive/models/operations/getdatapoint.py
  - src/honeyhive/models/operations/getdatapoints.py
  - src/honeyhive/models/operations/getdatasets.py
  - src/honeyhive/models/operations/getevents.py
  - src/honeyhive/models/operations/getexperimentcomparison.py
  - src/honeyhive/models/operations/getexperimentresult.py
  - src/honeyhive/models/operations/getmetrics.py
  - src/honeyhive/models/operations/getprojects.py
  - src/honeyhive/models/operations/getrun.py
  - src/honeyhive/models/operations/getruns.py
  - src/honeyhive/models/operations/getsession.py
  - src/honeyhive/models/operations/gettools.py
  - src/honeyhive/models/operations/startsession.py
  - src/honeyhive/models/operations/updateconfiguration.py
  - src/honeyhive/models/operations/updatedatapoint.py
  - src/honeyhive/models/operations/updatedataset.py
  - src/honeyhive/models/operations/updateevent.py
  - src/honeyhive/models/operations/updatemetric.py
  - src/honeyhive/models/operations/updateproject.py
  - src/honeyhive/models/operations/updaterun.py
  - src/honeyhive/models/operations/updatetool.py
  - src/honeyhive/projects.py
  - src/honeyhive/sdk.py
  - src/honeyhive/sdkconfiguration.py
  - src/honeyhive/session.py
  - src/honeyhive/tools.py
  - src/honeyhive/utils/__init__.py
  - src/honeyhive/utils/retries.py
  - src/honeyhive/utils/utils.py
examples:
  addDatapoints:
    speakeasy-default-add-datapoints:
      parameters:
        path:
          dataset_id: "<value>"
      requestBody:
        application/json: {"project": "<value>", "data": [{"key": "<value>", "key1": "<value>", "key2": "<value>"}], "mapping": {"inputs": [], "ground_truth": ["<value>", "<value>"], "history": []}}
      responses:
        "200":
          application/json: {}
  createConfiguration:
    speakeasy-default-create-configuration:
      requestBody:
        application/json: {"project": "660d7ba7995cacccce4d299e", "name": "function-v0", "provider": "openai", "parameters": {"call_type": "chat", "model": "gpt-4-turbo-preview", "hyperparameters": {"frequency_penalty": 0, "max_tokens": 1000, "presence_penalty": 0, "stop_sequences": [], "temperature": 0, "top_k": -1, "top_p": 1}, "selectedFunctions": [{"id": "64e3ba90e81f9b3a3808c27f", "name": "get_google_information", "description": "Get information from Google when you do not have that information in your context", "parameters": {"type": "object", "properties": {"query": {"type": "string", "description": "The query asked by the user"}}, "required": ["query"]}}], "functionCallParams": "auto", "forceFunction": {}, "template": [{"role": "system", "content": "You are a web search assistant."}, {"role": "user", "content": "{{ query }}"}]}, "env": ["staging"], "user_properties": {"user_email": "dhruv@honeyhive.ai", "user_id": "google-oauth2|108897808434934946583", "user_name": "Dhruv Singh", "user_picture": "https://lh3.googleusercontent.com/a/ACg8ocLyQilNtK9RIv4M0p-0FBSbxljBP0p5JabnStku1AQKtFSK=s96-c"}}
  createDatapoint:
    speakeasy-default-create-datapoint:
      requestBody:
        application/json: {"project": "New Project", "inputs": {"query": "what's the temperature in Iceland?"}, "history": [{"role": "system", "content": "You are a helpful web assistant that helps users answer questions about the world based on the information provided to you by Google's search API. Answer the questions as truthfully as you can. In case you are unsure about the correct answer, please respond with \"I apologize but I'm not sure.\""}, {"role": "user", "content": "what's the temperature in Iceland?\\n\\n\\n--Google search API results below:---\\n\\n\"snippet\":\"2 Week Extended Forecast in Reykjavik, Iceland ; Feb 4, 29 / 20 °F · Snow showers early. Broken clouds. ; Feb 5, 27 / 16 °F · Light snow. Decreasing cloudiness.\",\"snippet_highlighted_words\":[\"Feb 4, 29 / 20 °F\"]"}], "ground_truth": {"content": "The temperature in Reykjavik, Iceland is currently around 5F or -15C. Please note that weather conditions can change rapidly, so it's best to check a reliable source for the most up-to-date information.", "role": "assistant"}, "linked_event": "6bba5182-d4b1-4b29-a64a-f0a8bd964f76", "linked_datasets": [], "metadata": {"completion_tokens": 47, "prompt_tokens": 696, "question_type": "weather", "total_tokens": 743}}
      responses:
        "200":
          application/json: {}
  createDataset:
    speakeasy-default-create-dataset:
      requestBody:
        application/json: {"project": "New Project", "name": "test-dataset", "description": "A test dataset", "type": "evaluation", "datapoints": ["66369748b5773befbdc661e2"], "linked_evals": [], "saved": false, "pipeline_type": "event", "metadata": {"source": "dev"}}
      responses:
        "200":
          application/json: {}
  createEvent:
    speakeasy-default-create-event:
      requestBody:
        application/json: {"event": {"project": "Simple RAG", "source": "playground", "event_name": "Model Completion", "event_type": "model", "event_id": "7f22137a-6911-4ed3-bc36-110f1dde6b66", "session_id": "caf77ace-3417-4da4-944d-f4a0688f3c23", "parent_id": "caf77ace-3417-4da4-944d-f4a0688f3c23", "children_ids": [], "config": {"hyperparameters": {"frequency_penalty": 0, "max_tokens": 1000, "n": 1, "presence_penalty": 0, "stop": [], "temperature": 0, "top_p": 1}, "model": "gpt-3.5-turbo", "provider": "openai", "template": [{"role": "system", "content": "Answer the user's question only using provided context.\n\nContext: {{ context }}"}, {"role": "user", "content": "{{question}}"}], "type": "chat", "version": "v0.1"}, "inputs": {"chat_history": [{"role": "system", "content": "Answer the user's question only using provided context.\n\nContext: Hello world"}, {"role": "user", "content": "What is in the context?"}], "context": "Hello world", "question": "What is in the context?"}, "outputs": {"content": "Hello world", "role": "assistant"}, "error": "<value>", "start_time": 1714978764301, "end_time": 1714978765301, "duration": 999.8056, "metadata": {"completion_tokens": 23, "cost": 0.00008, "prompt_tokens": 35, "total_tokens": 58}, "feedback": {}, "metrics": {"Answer Faithfulness": 5, "Answer Faithfulness_explanation": "The AI assistant's answer is a concise and accurate description of Ramp's API. It provides a clear explanation of what the API does and how developers can use it to integrate Ramp's financial services into their own applications. The answer is faithful to the provided context.", "Number of words": 18}, "user_properties": {"user": "google-oauth2|111840237613341303366"}}}
      responses:
        "200":
          application/json: {"event_id": "7f22137a-6911-4ed3-bc36-110f1dde6b66", "success": true}
  createEventBatch:
    speakeasy-default-create-event-batch:
      requestBody:
        application/json: {"events": [{"project": "Simple RAG", "source": "playground", "event_name": "Model Completion", "event_type": "model", "event_id": "7f22137a-6911-4ed3-bc36-110f1dde6b66", "session_id": "caf77ace-3417-4da4-944d-f4a0688f3c23", "parent_id": "caf77ace-3417-4da4-944d-f4a0688f3c23", "children_ids": [], "config": {"model": "gpt-3.5-turbo", "version": "v0.1", "provider": "openai", "hyperparameters": {"temperature": 0, "top_p": 1, "max_tokens": 1000, "presence_penalty": 0, "frequency_penalty": 0, "stop": [], "n": 1}, "template": [{"role": "system", "content": "Answer the user's question only using provided context.\n\nContext: {{ context }}"}, {"role": "user", "content": "{{question}}"}], "type": "chat"}, "inputs": {"context": "Hello world", "question": "What is in the context?", "chat_history": [{"role": "system", "content": "Answer the user's question only using provided context.\n\nContext: Hello world"}, {"role": "user", "content": "What is in the context?"}]}, "outputs": {"role": "assistant", "content": "Hello world"}, "error": "<value>", "start_time": 1714978764301, "end_time": 1714978765301, "duration": 999.8056, "metadata": {"cost": 0.00008, "completion_tokens": 23, "prompt_tokens": 35, "total_tokens": 58}, "feedback": {}, "metrics": {"Answer Faithfulness": 5, "Answer Faithfulness_explanation": "The AI assistant's answer is a concise and accurate description of Ramp's API. It provides a clear explanation of what the API does and how developers can use it to integrate Ramp's financial services into their own applications. The answer is faithful to the provided context.", "Number of words": 18}, "user_properties": {"user": "google-oauth2|111840237613341303366"}}], "session_properties": {"session_name": "Playground Session", "source": "playground", "session_id": "caf77ace-3417-4da4-944d-f4a0688f3c23", "inputs": {"context": "Hello world", "question": "What is in the context?", "chat_history": [{"role": "system", "content": "Answer the user's question only using provided context.\n\nContext: Hello world"}, {"role": "user", "content": "What is in the context?"}]}, "outputs": {"role": "assistant", "content": "Hello world"}, "error": "<value>", "user_properties": {"user": "google-oauth2|111840237613341303366"}, "metrics": {}, "feedback": {}, "metadata": {}}}
      responses:
        "200":
          application/json: {"event_ids": ["7f22137a-6911-4ed3-bc36-110f1dde6b66", "7f22137a-6911-4ed3-bc36-110f1dde6b67"], "session_id": "caf77ace-3417-4da4-944d-f4a0688f3c23", "success": true}
        "500":
          application/json: {"event_ids": ["7f22137a-6911-4ed3-bc36-110f1dde6b66", "7f22137a-6911-4ed3-bc36-110f1dde6b67"], "errors": ["Could not create event due to missing inputs", "Could not create event due to missing source"], "success": true}
  createMetric:
    speakeasy-default-create-metric:
      requestBody:
        application/json: {"name": "<value>", "task": "<value>", "type": "model", "description": "Quality-focused next generation focus group", "return_type": "boolean"}
  createModelEvent:
    speakeasy-default-create-model-event:
      requestBody:
        application/json: {"model_event": {"project": "New Project", "model": "gpt-4o", "provider": "openai", "messages": [{"role": "system", "content": "Hello, world!"}], "response": {"content": "Hello, world!", "role": "assistant"}, "duration": 42, "usage": {"completion_tokens": 10, "prompt_tokens": 10, "total_tokens": 20}, "cost": 0.00008, "error": "<value>", "source": "playground", "event_name": "Model Completion", "hyperparameters": {"frequency_penalty": 0, "max_tokens": 1000, "n": 1, "presence_penalty": 0, "stop": [], "temperature": 0, "top_p": 1}, "template": [{"role": "system", "content": "Hello, {{ name }}!"}], "template_inputs": {"name": "world"}, "tools": [{"type": "function", "function": {"name": "get_current_weather", "description": "Get the current weather", "parameters": {"type": "object", "properties": {"location": {"type": "string", "description": "The city and state, e.g. San Francisco, CA"}, "format": {"type": "string", "enum": ["celsius", "fahrenheit"], "description": "The temperature unit to use. Infer this from the users location."}}, "required": ["location", "format"]}}}], "tool_choice": "none", "response_format": {"type": "text"}}}
      responses:
        "200":
          application/json: {"event_id": "7f22137a-6911-4ed3-bc36-110f1dde6b66", "success": true}
  createModelEventBatch:
    speakeasy-default-create-model-event-batch:
      requestBody:
        application/json: {"model_events": [{"project": "New Project", "model": "gpt-4o", "provider": "openai", "messages": [{"role": "system", "content": "Hello, world!"}], "response": {"role": "assistant", "content": "Hello, world!"}, "duration": 42, "usage": {"prompt_tokens": 10, "completion_tokens": 10, "total_tokens": 20}, "cost": 0.00008, "error": "<value>", "source": "playground", "event_name": "Model Completion", "hyperparameters": {"temperature": 0, "top_p": 1, "max_tokens": 1000, "presence_penalty": 0, "frequency_penalty": 0, "stop": [], "n": 1}, "template": [{"role": "system", "content": "Hello, {{ name }}!"}], "template_inputs": {"name": "world"}, "tools": [{"type": "function", "function": {"name": "get_current_weather", "description": "Get the current weather", "parameters": {"type": "object", "properties": {"location": {"type": "string", "description": "The city and state, e.g. San Francisco, CA"}, "format": {"type": "string", "enum": ["celsius", "fahrenheit"], "description": "The temperature unit to use. Infer this from the users location."}}, "required": ["location", "format"]}}}], "tool_choice": "none", "response_format": {"type": "text"}}], "session_properties": {"session_name": "Playground Session", "source": "playground", "session_id": "caf77ace-3417-4da4-944d-f4a0688f3c23", "inputs": {"context": "Hello world", "question": "What is in the context?", "chat_history": [{"role": "system", "content": "Answer the user's question only using provided context.\n\nContext: Hello world"}, {"role": "user", "content": "What is in the context?"}]}, "outputs": {"role": "assistant", "content": "Hello world"}, "error": "<value>", "user_properties": {"user": "google-oauth2|111840237613341303366"}, "metrics": {}, "feedback": {}, "metadata": {}}}
      responses:
        "200":
          application/json: {"event_ids": ["7f22137a-6911-4ed3-bc36-110f1dde6b66", "7f22137a-6911-4ed3-bc36-110f1dde6b67"], "success": true}
        "500":
          application/json: {"event_ids": ["7f22137a-6911-4ed3-bc36-110f1dde6b66", "7f22137a-6911-4ed3-bc36-110f1dde6b67"], "errors": ["Could not create event due to missing model", "Could not create event due to missing provider"], "success": true}
  createProject:
    speakeasy-default-create-project:
      requestBody:
        application/json: {"name": "<value>"}
      responses:
        "200":
          application/json: {"name": "<value>", "description": "Optional reciprocal hardware"}
  createRun:
    speakeasy-default-create-run:
      requestBody:
        application/json: {"project": "<value>", "name": "<value>", "event_ids": []}
      responses:
        "200":
          application/json: {}
  createTool:
    speakeasy-default-create-tool:
      requestBody:
        application/json: {"task": "<value>", "name": "<value>", "parameters": {"key": "<value>", "key1": "<value>"}, "type": "function"}
      responses:
        "200":
          application/json: {}
  deleteConfiguration:
    speakeasy-default-delete-configuration:
      parameters:
        path:
          id: "<id>"
  deleteDatapoint:
    "":
      parameters:
        path:
          id: "<id>"
      responses:
        "200":
          application/json: {"deleted": true}
  deleteDataset:
    speakeasy-default-delete-dataset:
      parameters:
        query:
          dataset_id: "<value>"
  deleteMetric:
    speakeasy-default-delete-metric:
      parameters:
        query:
          metric_id: "<value>"
  deleteProject:
    speakeasy-default-delete-project:
      parameters:
        query:
          name: "<value>"
  deleteRun:
    speakeasy-default-delete-run:
      parameters:
        path:
          run_id: "<value>"
      responses:
        "200":
          application/json: {}
  deleteTool:
    speakeasy-default-delete-tool:
      parameters:
        query:
          function_id: "<value>"
  getConfigurations:
    speakeasy-default-get-configurations:
      parameters:
        query:
          project: "<value>"
      responses:
        "200":
          application/json: [{"_id": "6638187d505c6812e4044f24", "project": "New Project", "name": "function-v0", "env": ["staging"], "provider": "openai", "parameters": {"call_type": "chat", "model": "gpt-4-turbo-preview", "hyperparameters": {"temperature": 0, "max_tokens": 1000, "top_p": 1, "top_k": -1, "frequency_penalty": 0, "presence_penalty": 0, "stop_sequences": []}, "selectedFunctions": [{"id": "64e3ba90e81f9b3a3808c27f", "name": "get_google_information", "description": "Get information from Google when you do not have that information in your context", "parameters": {"type": "object", "properties": {"query": {"type": "string", "description": "The query asked by the user"}}, "required": ["query"]}}], "functionCallParams": "auto", "forceFunction": {}, "template": [{"role": "system", "content": "You are a web search assistant."}, {"role": "user", "content": "{{ query }}"}]}, "type": "LLM", "user_properties": {"user_id": "google-oauth2|108897808434934946583", "user_name": "Dhruv Singh", "user_picture": "https://lh3.googleusercontent.com/a/ACg8ocLyQilNtK9RIv4M0p-0FBSbxljBP0p5JabnStku1AQKtFSK=s96-c", "user_email": "dhruv@honeyhive.ai"}}]
  getDatapoint:
    speakeasy-default-get-datapoint:
      parameters:
        path:
          id: "<id>"
      responses:
        "200":
          application/json: {"datapoint": [{"_id": "65c13dbbd65fb876b7886cdb", "tenant": "org_XiCNIMTZzUKiY2As", "project_id": "653454f3138a956964341c07", "created_at": "2024-02-05T19:57:47.05Z", "updated_at": "2024-02-05T19:57:47.05Z", "inputs": {"query": "what's the temperature in Iceland?"}, "history": [{"role": "system", "content": "You are a helpful web assistant that helps users answer questions about the world based on the information provided to you by Google's search API. Answer the questions as truthfully as you can. In case you are unsure about the correct answer, please respond with \"I apologize but I'm not sure.\""}, {"role": "user", "content": "what's the temperature in Iceland?\\n\\n\\n--Google search API results below:---\\n\\n\"snippet\":\"2 Week Extended Forecast in Reykjavik, Iceland ; Feb 4, 29 / 20 °F · Snow showers early. Broken clouds. ; Feb 5, 27 / 16 °F · Light snow. Decreasing cloudiness.\",\"snippet_highlighted_words\":[\"Feb 4, 29 / 20 °F\"]"}], "ground_truth": {"role": "assistant", "content": "The temperature in Reykjavik, Iceland is currently around 5F or -15C. Please note that weather conditions can change rapidly, so it's best to check a reliable source for the most up-to-date information."}, "linked_event": "6bba5182-d4b1-4b29-a64a-f0a8bd964f76", "linked_evals": [], "linked_datasets": [], "saved": false, "type": "event", "metadata": {"question_type": "weather", "completion_tokens": 47, "prompt_tokens": 696, "total_tokens": 743}}]}
  getDatapoints:
    speakeasy-default-get-datapoints:
      parameters:
        query:
          project: "<value>"
      responses:
        "200":
          application/json: {"datapoints": [{"_id": "65c13dbbd65fb876b7886cdb", "tenant": "org_XiCNIMTZzUKiY2As", "project_id": "653454f3138a956964341c07", "created_at": "2024-02-05T19:57:47.05Z", "updated_at": "2024-02-05T19:57:47.05Z", "inputs": {"query": "what's the temperature in Iceland?"}, "history": [{"role": "system", "content": "You are a helpful web assistant that helps users answer questions about the world based on the information provided to you by Google's search API. Answer the questions as truthfully as you can. In case you are unsure about the correct answer, please respond with \"I apologize but I'm not sure.\""}, {"role": "user", "content": "what's the temperature in Iceland?\\n\\n\\n--Google search API results below:---\\n\\n\"snippet\":\"2 Week Extended Forecast in Reykjavik, Iceland ; Feb 4, 29 / 20 °F · Snow showers early. Broken clouds. ; Feb 5, 27 / 16 °F · Light snow. Decreasing cloudiness.\",\"snippet_highlighted_words\":[\"Feb 4, 29 / 20 °F\"]"}], "ground_truth": {"role": "assistant", "content": "The temperature in Reykjavik, Iceland is currently around 5F or -15C. Please note that weather conditions can change rapidly, so it's best to check a reliable source for the most up-to-date information."}, "linked_event": "6bba5182-d4b1-4b29-a64a-f0a8bd964f76", "linked_evals": [], "linked_datasets": [], "saved": false, "type": "event", "metadata": {"question_type": "weather", "completion_tokens": 47, "prompt_tokens": 696, "total_tokens": 743}}]}
  getDatasets:
    speakeasy-default-get-datasets:
      parameters:
        query:
          project: "<value>"
      responses:
        "200":
          application/json: {"testcases": [{"project": "New Project", "name": "test-dataset", "description": "A test dataset", "type": "evaluation", "datapoints": ["66369748b5773befbdc661e2"], "num_points": 1, "linked_evals": [], "saved": false, "pipeline_type": "event", "created_at": "2024-05-04T20:15:04.124Z", "updated_at": "2024-05-04T20:15:04.124Z"}]}
  getEvents:
    speakeasy-default-get-events:
      requestBody:
        application/json: {"project": "<value>", "filters": [{"field": "event_type", "value": "model", "operator": "is", "type": "string"}]}
      responses:
        "200":
          application/json: {"events": [{"project_id": "New Project", "source": "playground", "event_name": "Model Completion", "event_type": "model", "event_id": "7f22137a-6911-4ed3-bc36-110f1dde6b66", "session_id": "caf77ace-3417-4da4-944d-f4a0688f3c23", "parent_id": "caf77ace-3417-4da4-944d-f4a0688f3c23", "children_ids": [], "config": {"model": "gpt-3.5-turbo", "version": "v0.1 - Fork", "provider": "openai", "hyperparameters": {"temperature": 0, "top_p": 1, "max_tokens": 1000, "presence_penalty": 0, "frequency_penalty": 0, "stop": [], "n": 1}, "template": [{"role": "system", "content": "Answer the user's question only using provided context.\n\nContext: {{ context }}"}, {"role": "user", "content": "{{question}}"}], "type": "chat"}, "inputs": {"context": "Hello world", "question": "What is in the context?", "chat_history": [{"role": "system", "content": "Answer the user's question only using provided context.\n\nContext: Hello world"}, {"role": "user", "content": "What is in the context?"}]}, "outputs": {"role": "assistant", "content": "Hello world"}, "error": null, "start_time": "2024-04-01 22:38:19", "end_time": "2024-04-01 22:38:19", "duration": 824.8056, "metadata": {"cost": 0.00008, "completion_tokens": 23, "prompt_tokens": 35, "total_tokens": 58}, "feedback": {}, "metrics": {"Answer Faithfulness": 5, "Answer Faithfulness_explanation": "The AI assistant's answer is a concise and accurate description of Ramp's API. It provides a clear explanation of what the API does and how developers can use it to integrate Ramp's financial services into their own applications. The answer is faithful to the provided context.", "Number of words": 18}, "user_properties": {"user": "google-oauth2|111840237613341303366"}}]}
  getMetrics:
    speakeasy-default-get-metrics:
      parameters:
        query:
          project_name: "<value>"
      responses:
        "200":
          application/json: []
  getProjects:
    speakeasy-default-get-projects:
      responses:
        "200":
          application/json: []
  getRun:
    speakeasy-default-get-run:
      parameters:
        path:
          run_id: "<value>"
      responses:
        "200":
          application/json: {}
  getRuns:
    speakeasy-default-get-runs:
      responses:
        "200":
          application/json: {}
  getSession:
    speakeasy-default-get-session:
      parameters:
        path:
          session_id: "<value>"
      responses:
        "200":
          application/json: {"project_id": "New Project", "source": "playground", "event_name": "Model Completion", "event_type": "model", "event_id": "7f22137a-6911-4ed3-bc36-110f1dde6b66", "session_id": "caf77ace-3417-4da4-944d-f4a0688f3c23", "parent_id": "caf77ace-3417-4da4-944d-f4a0688f3c23", "children_ids": [], "config": {"hyperparameters": {"frequency_penalty": 0, "max_tokens": 1000, "n": 1, "presence_penalty": 0, "stop": [], "temperature": 0, "top_p": 1}, "model": "gpt-3.5-turbo", "provider": "openai", "template": [{"role": "system", "content": "Answer the user's question only using provided context.\n\nContext: {{ context }}"}, {"role": "user", "content": "{{question}}"}], "type": "chat", "version": "v0.1 - Fork"}, "inputs": {"chat_history": [{"role": "system", "content": "Answer the user's question only using provided context.\n\nContext: Hello world"}, {"role": "user", "content": "What is in the context?"}], "context": "Hello world", "question": "What is in the context?"}, "outputs": {"content": "Hello world", "role": "assistant"}, "error": null, "start_time": "2024-04-01 22:38:19", "end_time": "2024-04-01 22:38:19", "duration": 824.8056, "metadata": {"completion_tokens": 23, "cost": 0.00008, "prompt_tokens": 35, "total_tokens": 58}, "feedback": {}, "metrics": {"Answer Faithfulness": 5, "Answer Faithfulness_explanation": "The AI assistant's answer is a concise and accurate description of Ramp's API. It provides a clear explanation of what the API does and how developers can use it to integrate Ramp's financial services into their own applications. The answer is faithful to the provided context.", "Number of words": 18}, "user_properties": {"user": "google-oauth2|111840237613341303366"}}
  getTools:
    speakeasy-default-get-tools:
      responses:
        "200":
          application/json: [{"task": "<value>", "name": "<value>", "parameters": {}, "tool_type": "tool"}]
  startSession:
    speakeasy-default-start-session:
      requestBody:
        application/json: {"session": {"project": "Simple RAG Project", "session_name": "Playground Session", "source": "playground", "session_id": "caf77ace-3417-4da4-944d-f4a0688f3c23", "children_ids": ["7f22137a-6911-4ed3-bc36-110f1dde6b66"], "inputs": {"chat_history": [{"role": "system", "content": "Answer the user's question only using provided context.\n\nContext: Hello world"}, {"role": "user", "content": "What is in the context?"}], "context": "Hello world", "question": "What is in the context?"}, "outputs": {"content": "Hello world", "role": "assistant"}, "error": "<value>", "duration": 824.8056, "user_properties": {"user": "google-oauth2|111840237613341303366"}, "metrics": {}, "feedback": {}, "metadata": {}, "start_time": 1712025501605, "end_time": 1712025499832}}
      responses:
        "200":
          application/json: {}
  updateConfiguration:
    speakeasy-default-update-configuration:
      parameters:
        path:
          id: "<id>"
      requestBody:
        application/json: {"project": "New Project", "name": "function-v0", "provider": "openai", "parameters": {"call_type": "chat", "model": "gpt-4-turbo-preview", "hyperparameters": {"frequency_penalty": 0, "max_tokens": 1000, "presence_penalty": 0, "stop_sequences": [], "temperature": 0, "top_k": -1, "top_p": 1}, "selectedFunctions": [{"id": "64e3ba90e81f9b3a3808c27f", "name": "get_google_information", "description": "Get information from Google when you do not have that information in your context", "parameters": {"type": "object", "properties": {"query": {"type": "string", "description": "The query asked by the user"}}, "required": ["query"]}}], "functionCallParams": "auto", "forceFunction": {}, "template": [{"role": "system", "content": "You are a web search assistant."}, {"role": "user", "content": "{{ query }}"}]}, "env": ["staging"], "type": "LLM", "user_properties": {"user_email": "dhruv@honeyhive.ai", "user_id": "google-oauth2|108897808434934946583", "user_name": "Dhruv Singh", "user_picture": "https://lh3.googleusercontent.com/a/ACg8ocLyQilNtK9RIv4M0p-0FBSbxljBP0p5JabnStku1AQKtFSK=s96-c"}}
  updateDatapoint:
    speakeasy-default-update-datapoint:
      parameters:
        path:
          id: "<id>"
      requestBody:
        application/json: {"inputs": {"query": "what's the temperature in Reykjavik?"}, "history": [{"role": "system", "content": "You are a helpful web assistant that helps users answer questions about the world based on the information provided to you by Google's search API. Answer the questions as truthfully as you can. In case you are unsure about the correct answer, please respond with \"I apologize but I'm not sure.\""}, {"role": "user", "content": "what's the temperature in Reykjavik?\\n\\n\\n--Google search API results below:---\\n\\n\"snippet\":\"2 Week Extended Forecast in Reykjavik, Iceland ; Feb 4, 29 / 20 °F · Snow showers early. Broken clouds. ; Feb 5, 27 / 16 °F · Light snow. Decreasing cloudiness.\",\"snippet_highlighted_words\":[\"Feb 4, 29 / 20 °F\"]"}], "ground_truth": {"content": "The temperature in Reykjavik, Iceland is currently around 5F or -15C. Please note that weather conditions can change rapidly, so it's best to check a reliable source for the most up-to-date information.", "role": "assistant"}, "linked_evals": [], "linked_datasets": [], "metadata": {"question_type": "capital-weather", "random_field": 0}}
  updateDataset:
    speakeasy-default-update-dataset:
      requestBody:
        application/json: {"dataset_id": "663876ec4611c47f4970f0c3", "name": "new-dataset-name", "description": "An updated dataset description", "datapoints": ["66369748b5773befbdc661e"], "linked_evals": ["66369748b5773befbdasdk1"], "metadata": {"source": "prod", "updated": true}}
  updateEvent:
    "":
      requestBody:
        application/json: {"event_id": "7f22137a-6911-4ed3-bc36-110f1dde6b66", "metadata": {"completion_tokens": 23, "cost": 0.00008, "prompt_tokens": 35, "total_tokens": 58}, "feedback": {"rating": 5}, "metrics": {"num_words": 2}, "outputs": {"content": "Hello world", "role": "assistant"}, "config": {"template": [{"role": "system", "content": "Hello, {{ name }}!"}]}, "user_properties": {"user_id": "691b1f94-d38c-4e92-b051-5e03fee9ff86"}, "duration": 42}
  updateMetric:
    speakeasy-default-update-metric:
      requestBody:
        application/json: {"metric_id": "<value>"}
  updateProject:
    speakeasy-default-update-project:
      requestBody:
        application/json: {"project_id": "<value>"}
  updateRun:
    speakeasy-default-update-run:
      parameters:
        path:
          run_id: "<value>"
      responses:
        "200":
          application/json: {}
  updateTool:
    speakeasy-default-update-tool:
      requestBody:
        application/json: {"id": "<id>", "name": "<value>", "parameters": {}}
  getExperimentResult:
    speakeasy-default-get-experiment-result:
      parameters:
        path:
          run_id: "<id>"
        query:
          project_id: "<id>"
      responses:
        "200":
          application/json: {}
  getExperimentComparison:
    speakeasy-default-get-experiment-comparison:
      parameters:
        path:
          run_id_1: "<value>"
          run_id_2: "<value>"
        query:
          project_id: "<id>"
      responses:
        "200":
          application/json: {}
generatedTests: {}
