speakeasyVersion: 1.340.0
sources:
    my-source:
        sourceNamespace: my-source
        sourceRevisionDigest: sha256:9b9cf2c0cc0e5c3f0c86b76be8d45b8a2a4526a84cb39af9e095c75c0cfabbe3
        sourceBlobDigest: sha256:4669acc1a61f654bcc46b0322f1a9c73e0ad51268fbb8d56be8194245c06dde5
        tags:
            - latest
            - main
targets:
    honeyhive:
        source: my-source
        sourceNamespace: my-source
        sourceRevisionDigest: sha256:9b9cf2c0cc0e5c3f0c86b76be8d45b8a2a4526a84cb39af9e095c75c0cfabbe3
        sourceBlobDigest: sha256:4669acc1a61f654bcc46b0322f1a9c73e0ad51268fbb8d56be8194245c06dde5
        outLocation: /github/workspace/repo
workflow:
    workflowVersion: 1.0.0
    speakeasyVersion: latest
    sources:
        my-source:
            inputs:
                - location: openapi.yaml
            registry:
                location: registry.speakeasyapi.dev/honey-hive/honeyhive-jxo/my-source
    targets:
        honeyhive:
            target: python
            source: my-source
            publish:
                pypi:
                    token: $pypi_token
            codeSamples:
                output: codeSamples.yaml
