speakeasyVersion: 1.391.3
sources:
    my-source:
        sourceNamespace: my-source
        sourceRevisionDigest: sha256:481c77c998cee05da48c83186a38f5e38bd643e2b0e67beb7d15665dcbbd0be2
        sourceBlobDigest: sha256:8257582dff0595edc5d668a329ffc5e69361518f8097cd28748a6a06e5bac14b
        tags:
            - latest
targets:
    honeyhive:
        source: my-source
        sourceNamespace: my-source
        sourceRevisionDigest: sha256:481c77c998cee05da48c83186a38f5e38bd643e2b0e67beb7d15665dcbbd0be2
        sourceBlobDigest: sha256:8257582dff0595edc5d668a329ffc5e69361518f8097cd28748a6a06e5bac14b
        outLocation: /Users/michaelacar/work/python-sdk
workflow:
    workflowVersion: 1.0.0
    speakeasyVersion: latest
    sources:
        my-source:
            inputs:
                - location: openapi.yaml
            registry:
                location: registry.speakeasyapi.dev/honey-hive/honeyhive-jxo/my-source
    targets:
        honeyhive:
            target: python
            source: my-source
            publish:
                pypi:
                    token: $pypi_token
            codeSamples:
                output: codeSamples.yaml
