speakeasyVersion: 1.405.6
sources:
    my-source:
        sourceNamespace: my-source
        sourceRevisionDigest: sha256:709d6ec86d164b6c7ee11e780825f64b170e13d5b6bf509895484163d9216e2f
        sourceBlobDigest: sha256:b50c460273643d3ee368babeb74133f8ef58380e4777da1853c71172cdae1f0d
        tags:
            - latest
            - main
targets:
    honeyhive:
        source: my-source
        sourceNamespace: my-source
        sourceRevisionDigest: sha256:709d6ec86d164b6c7ee11e780825f64b170e13d5b6bf509895484163d9216e2f
        sourceBlobDigest: sha256:b50c460273643d3ee368babeb74133f8ef58380e4777da1853c71172cdae1f0d
        codeSamplesNamespace: my-source-python-code-samples
        codeSamplesRevisionDigest: sha256:eebc43b4fec4bc8dcb5f15280635bba938843a368cb3048733f1ff45e6a24e51
workflow:
    workflowVersion: 1.0.0
    speakeasyVersion: latest
    sources:
        my-source:
            inputs:
                - location: openapi.yaml
            registry:
                location: registry.speakeasyapi.dev/honey-hive/honeyhive-jxo/my-source
    targets:
        honeyhive:
            target: python
            source: my-source
            publish:
                pypi:
                    token: $pypi_token
            codeSamples:
                output: codeSamples.yaml
                registry:
                    location: registry.speakeasyapi.dev/honey-hive/honeyhive-jxo/my-source-python-code-samples
